
Microsoft Visual Studio Solution File, Format Version 12.00
# Visual Studio Version 17
VisualStudioVersion = 17.7.34024.191
MinimumVisualStudioVersion = 10.0.40219.1
Project("{FAE04EC0-301F-11D3-BF4B-00C04F79EFBC}") = "MedSync.Presentation", "MedSync.Presentation\MedSync.Presentation.csproj", "{2AB9AEF4-F9FA-4967-82D7-3B09144E67DC}"
EndProject
Project("{FAE04EC0-301F-11D3-BF4B-00C04F79EFBC}") = "MedSync.Data", "MedSync.Data\MedSync.Data.csproj", "{2179A753-37D2-4021-BF48-19573F67CCB9}"
EndProject
Project("{FAE04EC0-301F-11D3-BF4B-00C04F79EFBC}") = "MedSync.Service", "MedSync.Service\MedSync.Service.csproj", "{12B39D50-664A-435A-B1F5-15DBE2260473}"
EndProject
Project("{FAE04EC0-301F-11D3-BF4B-00C04F79EFBC}") = "MedSync.Domain", "MedSync.Domain\MedSync.Domain.csproj", "{DC57F301-AB2C-4E23-9A5B-41E0B99EEC07}"
EndProject
Project("{FAE04EC0-301F-11D3-BF4B-00C04F79EFBC}") = "MedSync.Desktop", "MedSync.Desktop\MedSync.Desktop.csproj", "{BE27ABD6-F492-41B0-8987-78BBF8D87827}"
EndProject
Global
	GlobalSection(SolutionConfigurationPlatforms) = preSolution
		Debug|Any CPU = Debug|Any CPU
		Release|Any CPU = Release|Any CPU
	EndGlobalSection
	GlobalSection(ProjectConfigurationPlatforms) = postSolution
		{2AB9AEF4-F9FA-4967-82D7-3B09144E67DC}.Debug|Any CPU.ActiveCfg = Debug|Any CPU
		{2AB9AEF4-F9FA-4967-82D7-3B09144E67DC}.Debug|Any CPU.Build.0 = Debug|Any CPU
		{2AB9AEF4-F9FA-4967-82D7-3B09144E67DC}.Release|Any CPU.ActiveCfg = Release|Any CPU
		{2AB9AEF4-F9FA-4967-82D7-3B09144E67DC}.Release|Any CPU.Build.0 = Release|Any CPU
		{2179A753-37D2-4021-BF48-19573F67CCB9}.Debug|Any CPU.ActiveCfg = Debug|Any CPU
		{2179A753-37D2-4021-BF48-19573F67CCB9}.Debug|Any CPU.Build.0 = Debug|Any CPU
		{2179A753-37D2-4021-BF48-19573F67CCB9}.Release|Any CPU.ActiveCfg = Release|Any CPU
		{2179A753-37D2-4021-BF48-19573F67CCB9}.Release|Any CPU.Build.0 = Release|Any CPU
		{12B39D50-664A-435A-B1F5-15DBE2260473}.Debug|Any CPU.ActiveCfg = Debug|Any CPU
		{12B39D50-664A-435A-B1F5-15DBE2260473}.Debug|Any CPU.Build.0 = Debug|Any CPU
		{12B39D50-664A-435A-B1F5-15DBE2260473}.Release|Any CPU.ActiveCfg = Release|Any CPU
		{12B39D50-664A-435A-B1F5-15DBE2260473}.Release|Any CPU.Build.0 = Release|Any CPU
		{DC57F301-AB2C-4E23-9A5B-41E0B99EEC07}.Debug|Any CPU.ActiveCfg = Debug|Any CPU
		{DC57F301-AB2C-4E23-9A5B-41E0B99EEC07}.Debug|Any CPU.Build.0 = Debug|Any CPU
		{DC57F301-AB2C-4E23-9A5B-41E0B99EEC07}.Release|Any CPU.ActiveCfg = Release|Any CPU
		{DC57F301-AB2C-4E23-9A5B-41E0B99EEC07}.Release|Any CPU.Build.0 = Release|Any CPU
		{BE27ABD6-F492-41B0-8987-78BBF8D87827}.Debug|Any CPU.ActiveCfg = Debug|Any CPU
		{BE27ABD6-F492-41B0-8987-78BBF8D87827}.Debug|Any CPU.Build.0 = Debug|Any CPU
		{BE27ABD6-F492-41B0-8987-78BBF8D87827}.Release|Any CPU.ActiveCfg = Release|Any CPU
		{BE27ABD6-F492-41B0-8987-78BBF8D87827}.Release|Any CPU.Build.0 = Release|Any CPU
	EndGlobalSection
	GlobalSection(SolutionProperties) = preSolution
		HideSolutionNode = FALSE
	EndGlobalSection
	GlobalSection(ExtensibilityGlobals) = postSolution
		SolutionGuid = {A0BEB844-067D-4DBC-9678-9B78B649F3C7}
	EndGlobalSection
EndGlobal
